// !$*UTF8*$!
{
	archiveVersion = 1;
	classes = {
	};
	objectVersion = 46;
	objects = {

/* Begin PBXBuildFile section */
		336A90EA1DE596A700BF2374 /* StringCalcErrorsEnum.swift in Sources */ = {isa = PBXBuildFile; fileRef = 336A90E91DE596A700BF2374 /* StringCalcErrorsEnum.swift */; };
		33D6A9E21DE4CF16006B73F2 /* AppDelegate.swift in Sources */ = {isa = PBXBuildFile; fileRef = 33D6A9E11DE4CF16006B73F2 /* AppDelegate.swift */; };
		33D6A9E41DE4CF16006B73F2 /* ViewController.swift in Sources */ = {isa = PBXBuildFile; fileRef = 33D6A9E31DE4CF16006B73F2 /* ViewController.swift */; };
		33D6A9E71DE4CF16006B73F2 /* Main.storyboard in Resources */ = {isa = PBXBuildFile; fileRef = 33D6A9E51DE4CF16006B73F2 /* Main.storyboard */; };
		33D6A9E91DE4CF16006B73F2 /* Assets.xcassets in Resources */ = {isa = PBXBuildFile; fileRef = 33D6A9E81DE4CF16006B73F2 /* Assets.xcassets */; };
		33D6A9EC1DE4CF16006B73F2 /* LaunchScreen.storyboard in Resources */ = {isa = PBXBuildFile; fileRef = 33D6A9EA1DE4CF16006B73F2 /* LaunchScreen.storyboard */; };
		33D6A9F71DE4CF16006B73F2 /* StringCalculatorKataTests.swift in Sources */ = {isa = PBXBuildFile; fileRef = 33D6A9F61DE4CF16006B73F2 /* StringCalculatorKataTests.swift */; };
		33D6AA021DE4CF62006B73F2 /* StringCalculator.swift in Sources */ = {isa = PBXBuildFile; fileRef = 33D6AA011DE4CF62006B73F2 /* StringCalculator.swift */; };
/* End PBXBuildFile section */

/* Begin PBXContainerItemProxy section */
		33D6A9F31DE4CF16006B73F2 /* PBXContainerItemProxy */ = {
			isa = PBXContainerItemProxy;
			containerPortal = 33D6A9D61DE4CF16006B73F2 /* Project object */;
			proxyType = 1;
			remoteGlobalIDString = 33D6A9DD1DE4CF16006B73F2;
			remoteInfo = StringCalculatorKata;
		};
/* End PBXContainerItemProxy section */

/* Begin PBXFileReference section */
		336A90E91DE596A700BF2374 /* StringCalcErrorsEnum.swift */ = {isa = PBXFileReference; fileEncoding = 4; lastKnownFileType = sourcecode.swift; path = StringCalcErrorsEnum.swift; sourceTree = "<group>"; };
		33D6A9DE1DE4CF16006B73F2 /* StringCalculatorKata.app */ = {isa = PBXFileReference; explicitFileType = wrapper.application; includeInIndex = 0; path = StringCalculatorKata.app; sourceTree = BUILT_PRODUCTS_DIR; };
		33D6A9E11DE4CF16006B73F2 /* AppDelegate.swift */ = {isa = PBXFileReference; lastKnownFileType = sourcecode.swift; path = AppDelegate.swift; sourceTree = "<group>"; };
		33D6A9E31DE4CF16006B73F2 /* ViewController.swift */ = {isa = PBXFileReference; lastKnownFileType = sourcecode.swift; path = ViewController.swift; sourceTree = "<group>"; };
		33D6A9E61DE4CF16006B73F2 /* Base */ = {isa = PBXFileReference; lastKnownFileType = file.storyboard; name = Base; path = Base.lproj/Main.storyboard; sourceTree = "<group>"; };
		33D6A9E81DE4CF16006B73F2 /* Assets.xcassets */ = {isa = PBXFileReference; lastKnownFileType = folder.assetcatalog; path = Assets.xcassets; sourceTree = "<group>"; };
		33D6A9EB1DE4CF16006B73F2 /* Base */ = {isa = PBXFileReference; lastKnownFileType = file.storyboard; name = Base; path = Base.lproj/LaunchScreen.storyboard; sourceTree = "<group>"; };
		33D6A9ED1DE4CF16006B73F2 /* Info.plist */ = {isa = PBXFileReference; lastKnownFileType = text.plist.xml; path = Info.plist; sourceTree = "<group>"; };
		33D6A9F21DE4CF16006B73F2 /* StringCalculatorKataTests.xctest */ = {isa = PBXFileReference; explicitFileType = wrapper.cfbundle; includeInIndex = 0; path = StringCalculatorKataTests.xctest; sourceTree = BUILT_PRODUCTS_DIR; };
		33D6A9F61DE4CF16006B73F2 /* StringCalculatorKataTests.swift */ = {isa = PBXFileReference; lastKnownFileType = sourcecode.swift; path = StringCalculatorKataTests.swift; sourceTree = "<group>"; };
		33D6A9F81DE4CF16006B73F2 /* Info.plist */ = {isa = PBXFileReference; lastKnownFileType = text.plist.xml; path = Info.plist; sourceTree = "<group>"; };
		33D6AA011DE4CF62006B73F2 /* StringCalculator.swift */ = {isa = PBXFileReference; fileEncoding = 4; lastKnownFileType = sourcecode.swift; path = StringCalculator.swift; sourceTree = "<group>"; };
/* End PBXFileReference section */

/* Begin PBXFrameworksBuildPhase section */
		33D6A9DB1DE4CF16006B73F2 /* Frameworks */ = {
			isa = PBXFrameworksBuildPhase;
			buildActionMask = 2147483647;
			files = (
			);
			runOnlyForDeploymentPostprocessing = 0;
		};
		33D6A9EF1DE4CF16006B73F2 /* Frameworks */ = {
			isa = PBXFrameworksBuildPhase;
			buildActionMask = 2147483647;
			files = (
			);
			runOnlyForDeploymentPostprocessing = 0;
		};
/* End PBXFrameworksBuildPhase section */

/* Begin PBXGroup section */
		33D6A9D51DE4CF16006B73F2 = {
			isa = PBXGroup;
			children = (
				33D6A9E01DE4CF16006B73F2 /* StringCalculatorKata */,
				33D6A9F51DE4CF16006B73F2 /* StringCalculatorKataTests */,
				33D6A9DF1DE4CF16006B73F2 /* Products */,
			);
			sourceTree = "<group>";
		};
		33D6A9DF1DE4CF16006B73F2 /* Products */ = {
			isa = PBXGroup;
			children = (
				33D6A9DE1DE4CF16006B73F2 /* StringCalculatorKata.app */,
				33D6A9F21DE4CF16006B73F2 /* StringCalculatorKataTests.xctest */,
			);
			name = Products;
			sourceTree = "<group>";
		};
		33D6A9E01DE4CF16006B73F2 /* StringCalculatorKata */ = {
			isa = PBXGroup;
			children = (
				33D6A9E11DE4CF16006B73F2 /* AppDelegate.swift */,
				33D6A9E31DE4CF16006B73F2 /* ViewController.swift */,
				33D6A9E51DE4CF16006B73F2 /* Main.storyboard */,
				33D6A9E81DE4CF16006B73F2 /* Assets.xcassets */,
				33D6A9EA1DE4CF16006B73F2 /* LaunchScreen.storyboard */,
				33D6A9ED1DE4CF16006B73F2 /* Info.plist */,
				33D6AA011DE4CF62006B73F2 /* StringCalculator.swift */,
				336A90E91DE596A700BF2374 /* StringCalcErrorsEnum.swift */,
			);
			path = StringCalculatorKata;
			sourceTree = "<group>";
		};
		33D6A9F51DE4CF16006B73F2 /* StringCalculatorKataTests */ = {
			isa = PBXGroup;
			children = (
				33D6A9F61DE4CF16006B73F2 /* StringCalculatorKataTests.swift */,
				33D6A9F81DE4CF16006B73F2 /* Info.plist */,
			);
			path = StringCalculatorKataTests;
			sourceTree = "<group>";
		};
/* End PBXGroup section */

/* Begin PBXNativeTarget section */
		33D6A9DD1DE4CF16006B73F2 /* StringCalculatorKata */ = {
			isa = PBXNativeTarget;
			buildConfigurationList = 33D6A9FB1DE4CF16006B73F2 /* Build configuration list for PBXNativeTarget "StringCalculatorKata" */;
			buildPhases = (
				33D6A9DA1DE4CF16006B73F2 /* Sources */,
				33D6A9DB1DE4CF16006B73F2 /* Frameworks */,
				33D6A9DC1DE4CF16006B73F2 /* Resources */,
			);
			buildRules = (
			);
			dependencies = (
			);
			name = StringCalculatorKata;
			productName = StringCalculatorKata;
			productReference = 33D6A9DE1DE4CF16006B73F2 /* StringCalculatorKata.app */;
			productType = "com.apple.product-type.application";
		};
		33D6A9F11DE4CF16006B73F2 /* StringCalculatorKataTests */ = {
			isa = PBXNativeTarget;
			buildConfigurationList = 33D6A9FE1DE4CF16006B73F2 /* Build configuration list for PBXNativeTarget "StringCalculatorKataTests" */;
			buildPhases = (
				33D6A9EE1DE4CF16006B73F2 /* Sources */,
				33D6A9EF1DE4CF16006B73F2 /* Frameworks */,
				33D6A9F01DE4CF16006B73F2 /* Resources */,
			);
			buildRules = (
			);
			dependencies = (
				33D6A9F41DE4CF16006B73F2 /* PBXTargetDependency */,
			);
			name = StringCalculatorKataTests;
			productName = StringCalculatorKataTests;
			productReference = 33D6A9F21DE4CF16006B73F2 /* StringCalculatorKataTests.xctest */;
			productType = "com.apple.product-type.bundle.unit-test";
		};
/* End PBXNativeTarget section */

/* Begin PBXProject section */
		33D6A9D61DE4CF16006B73F2 /* Project object */ = {
			isa = PBXProject;
			attributes = {
				LastSwiftUpdateCheck = 0800;
				LastUpgradeCheck = 0800;
				ORGANIZATIONNAME = "eleven:eleven software";
				TargetAttributes = {
					33D6A9DD1DE4CF16006B73F2 = {
						CreatedOnToolsVersion = 8.0;
						ProvisioningStyle = Automatic;
					};
					33D6A9F11DE4CF16006B73F2 = {
						CreatedOnToolsVersion = 8.0;
						ProvisioningStyle = Automatic;
						TestTargetID = 33D6A9DD1DE4CF16006B73F2;
					};
				};
			};
			buildConfigurationList = 33D6A9D91DE4CF16006B73F2 /* Build configuration list for PBXProject "StringCalculatorKata" */;
			compatibilityVersion = "Xcode 3.2";
			developmentRegion = English;
			hasScannedForEncodings = 0;
			knownRegions = (
				en,
				Base,
			);
			mainGroup = 33D6A9D51DE4CF16006B73F2;
			productRefGroup = 33D6A9DF1DE4CF16006B73F2 /* Products */;
			projectDirPath = "";
			projectRoot = "";
			targets = (
				33D6A9DD1DE4CF16006B73F2 /* StringCalculatorKata */,
				33D6A9F11DE4CF16006B73F2 /* StringCalculatorKataTests */,
			);
		};
/* End PBXProject section */

/* Begin PBXResourcesBuildPhase section */
		33D6A9DC1DE4CF16006B73F2 /* Resources */ = {
			isa = PBXResourcesBuildPhase;
			buildActionMask = 2147483647;
			files = (
				33D6A9EC1DE4CF16006B73F2 /* LaunchScreen.storyboard in Resources */,
				33D6A9E91DE4CF16006B73F2 /* Assets.xcassets in Resources */,
				33D6A9E71DE4CF16006B73F2 /* Main.storyboard in Resources */,
			);
			runOnlyForDeploymentPostprocessing = 0;
		};
		33D6A9F01DE4CF16006B73F2 /* Resources */ = {
			isa = PBXResourcesBuildPhase;
			buildActionMask = 2147483647;
			files = (
			);
			runOnlyForDeploymentPostprocessing = 0;
		};
/* End PBXResourcesBuildPhase section */

/* Begin PBXSourcesBuildPhase section */
		33D6A9DA1DE4CF16006B73F2 /* Sources */ = {
			isa = PBXSourcesBuildPhase;
			buildActionMask = 2147483647;
			files = (
				33D6AA021DE4CF62006B73F2 /* StringCalculator.swift in Sources */,
				336A90EA1DE596A700BF2374 /* StringCalcErrorsEnum.swift in Sources */,
				33D6A9E41DE4CF16006B73F2 /* ViewController.swift in Sources */,
				33D6A9E21DE4CF16006B73F2 /* AppDelegate.swift in Sources */,
			);
			runOnlyForDeploymentPostprocessing = 0;
		};
		33D6A9EE1DE4CF16006B73F2 /* Sources */ = {
			isa = PBXSourcesBuildPhase;
			buildActionMask = 2147483647;
			files = (
				33D6A9F71DE4CF16006B73F2 /* StringCalculatorKataTests.swift in Sources */,
			);
			runOnlyForDeploymentPostprocessing = 0;
		};
/* End PBXSourcesBuildPhase section */

/* Begin PBXTargetDependency section */
		33D6A9F41DE4CF16006B73F2 /* PBXTargetDependency */ = {
			isa = PBXTargetDependency;
			target = 33D6A9DD1DE4CF16006B73F2 /* StringCalculatorKata */;
			targetProxy = 33D6A9F31DE4CF16006B73F2 /* PBXContainerItemProxy */;
		};
/* End PBXTargetDependency section */

/* Begin PBXVariantGroup section */
		33D6A9E51DE4CF16006B73F2 /* Main.storyboard */ = {
			isa = PBXVariantGroup;
			children = (
				33D6A9E61DE4CF16006B73F2 /* Base */,
			);
			name = Main.storyboard;
			sourceTree = "<group>";
		};
		33D6A9EA1DE4CF16006B73F2 /* LaunchScreen.storyboard */ = {
			isa = PBXVariantGroup;
			children = (
				33D6A9EB1DE4CF16006B73F2 /* Base */,
			);
			name = LaunchScreen.storyboard;
			sourceTree = "<group>";
		};
/* End PBXVariantGroup section */

/* Begin XCBuildConfiguration section */
		33D6A9F91DE4CF16006B73F2 /* Debug */ = {
			isa = XCBuildConfiguration;
			buildSettings = {
				ALWAYS_SEARCH_USER_PATHS = NO;
				CLANG_ANALYZER_NONNULL = YES;
				CLANG_CXX_LANGUAGE_STANDARD = "gnu++0x";
				CLANG_CXX_LIBRARY = "libc++";
				CLANG_ENABLE_MODULES = YES;
				CLANG_ENABLE_OBJC_ARC = YES;
				CLANG_WARN_BOOL_CONVERSION = YES;
				CLANG_WARN_CONSTANT_CONVERSION = YES;
				CLANG_WARN_DIRECT_OBJC_ISA_USAGE = YES_ERROR;
				CLANG_WARN_DOCUMENTATION_COMMENTS = YES;
				CLANG_WARN_EMPTY_BODY = YES;
				CLANG_WARN_ENUM_CONVERSION = YES;
				CLANG_WARN_INFINITE_RECURSION = YES;
				CLANG_WARN_INT_CONVERSION = YES;
				CLANG_WARN_OBJC_ROOT_CLASS = YES_ERROR;
				CLANG_WARN_SUSPICIOUS_MOVES = YES;
				CLANG_WARN_UNREACHABLE_CODE = YES;
				CLANG_WARN__DUPLICATE_METHOD_MATCH = YES;
				"CODE_SIGN_IDENTITY[sdk=iphoneos*]" = "iPhone Developer";
				COPY_PHASE_STRIP = NO;
				DEBUG_INFORMATION_FORMAT = dwarf;
				ENABLE_STRICT_OBJC_MSGSEND = YES;
				ENABLE_TESTABILITY = YES;
				GCC_C_LANGUAGE_STANDARD = gnu99;
				GCC_DYNAMIC_NO_PIC = NO;
				GCC_NO_COMMON_BLOCKS = YES;
				GCC_OPTIMIZATION_LEVEL = 0;
				GCC_PREPROCESSOR_DEFINITIONS = (
					"DEBUG=1",
					"$(inherited)",
				);
				GCC_WARN_64_TO_32_BIT_CONVERSION = YES;
				GCC_WARN_ABOUT_RETURN_TYPE = YES_ERROR;
				GCC_WARN_UNDECLARED_SELECTOR = YES;
				GCC_WARN_UNINITIALIZED_AUTOS = YES_AGGRESSIVE;
				GCC_WARN_UNUSED_FUNCTION = YES;
				GCC_WARN_UNUSED_VARIABLE = YES;
				IPHONEOS_DEPLOYMENT_TARGET = 10.0;
				MTL_ENABLE_DEBUG_INFO = YES;
				ONLY_ACTIVE_ARCH = YES;
				SDKROOT = iphoneos;
				SWIFT_ACTIVE_COMPILATION_CONDITIONS = DEBUG;
				SWIFT_OPTIMIZATION_LEVEL = "-Onone";
			};
			name = Debug;
		};
		33D6A9FA1DE4CF16006B73F2 /* Release */ = {
			isa = XCBuildConfiguration;
			buildSettings = {
				ALWAYS_SEARCH_USER_PATHS = NO;
				CLANG_ANALYZER_NONNULL = YES;
				CLANG_CXX_LANGUAGE_STANDARD = "gnu++0x";
				CLANG_CXX_LIBRARY = "libc++";
				CLANG_ENABLE_MODULES = YES;
				CLANG_ENABLE_OBJC_ARC = YES;
				CLANG_WARN_BOOL_CONVERSION = YES;
				CLANG_WARN_CONSTANT_CONVERSION = YES;
				CLANG_WARN_DIRECT_OBJC_ISA_USAGE = YES_ERROR;
				CLANG_WARN_DOCUMENTATION_COMMENTS = YES;
				CLANG_WARN_EMPTY_BODY = YES;
				CLANG_WARN_ENUM_CONVERSION = YES;
				CLANG_WARN_INFINITE_RECURSION = YES;
				CLANG_WARN_INT_CONVERSION = YES;
				CLANG_WARN_OBJC_ROOT_CLASS = YES_ERROR;
				CLANG_WARN_SUSPICIOUS_MOVES = YES;
				CLANG_WARN_UNREACHABLE_CODE = YES;
				CLANG_WARN__DUPLICATE_METHOD_MATCH = YES;
				"CODE_SIGN_IDENTITY[sdk=iphoneos*]" = "iPhone Developer";
				COPY_PHASE_STRIP = NO;
				DEBUG_INFORMATION_FORMAT = "dwarf-with-dsym";
				ENABLE_NS_ASSERTIONS = NO;
				ENABLE_STRICT_OBJC_MSGSEND = YES;
				GCC_C_LANGUAGE_STANDARD = gnu99;
				GCC_NO_COMMON_BLOCKS = YES;
				GCC_WARN_64_TO_32_BIT_CONVERSION = YES;
				GCC_WARN_ABOUT_RETURN_TYPE = YES_ERROR;
				GCC_WARN_UNDECLARED_SELECTOR = YES;
				GCC_WARN_UNINITIALIZED_AUTOS = YES_AGGRESSIVE;
				GCC_WARN_UNUSED_FUNCTION = YES;
				GCC_WARN_UNUSED_VARIABLE = YES;
				IPHONEOS_DEPLOYMENT_TARGET = 10.0;
				MTL_ENABLE_DEBUG_INFO = NO;
				SDKROOT = iphoneos;
				SWIFT_OPTIMIZATION_LEVEL = "-Owholemodule";
				VALIDATE_PRODUCT = YES;
			};
			name = Release;
		};
		33D6A9FC1DE4CF16006B73F2 /* Debug */ = {
			isa = XCBuildConfiguration;
			buildSettings = {
				ASSETCATALOG_COMPILER_APPICON_NAME = AppIcon;
				INFOPLIST_FILE = StringCalculatorKata/Info.plist;
				LD_RUNPATH_SEARCH_PATHS = "$(inherited) @executable_path/Frameworks";
				PRODUCT_BUNDLE_IDENTIFIER = com.eleven.eleven.software.StringCalculatorKata;
				PRODUCT_NAME = "$(TARGET_NAME)";
				SWIFT_VERSION = 3.0;
			};
			name = Debug;
		};
		33D6A9FD1DE4CF16006B73F2 /* Release */ = {
			isa = XCBuildConfiguration;
			buildSettings = {
				ASSETCATALOG_COMPILER_APPICON_NAME = AppIcon;
				INFOPLIST_FILE = StringCalculatorKata/Info.plist;
				LD_RUNPATH_SEARCH_PATHS = "$(inherited) @executable_path/Frameworks";
				PRODUCT_BUNDLE_IDENTIFIER = com.eleven.eleven.software.StringCalculatorKata;
				PRODUCT_NAME = "$(TARGET_NAME)";
				SWIFT_VERSION = 3.0;
			};
			name = Release;
		};
		33D6A9FF1DE4CF16006B73F2 /* Debug */ = {
			isa = XCBuildConfiguration;
			buildSettings = {
				ALWAYS_EMBED_SWIFT_STANDARD_LIBRARIES = YES;
				BUNDLE_LOADER = "$(TEST_HOST)";
				INFOPLIST_FILE = StringCalculatorKataTests/Info.plist;
				LD_RUNPATH_SEARCH_PATHS = "$(inherited) @executable_path/Frameworks @loader_path/Frameworks";
				PRODUCT_BUNDLE_IDENTIFIER = com.eleven.eleven.software.StringCalculatorKataTests;
				PRODUCT_NAME = "$(TARGET_NAME)";
				SWIFT_VERSION = 3.0;
				TEST_HOST = "$(BUILT_PRODUCTS_DIR)/StringCalculatorKata.app/StringCalculatorKata";
			};
			name = Debug;
		};
		33D6AA001DE4CF16006B73F2 /* Release */ = {
			isa = XCBuildConfiguration;
			buildSettings = {
				ALWAYS_EMBED_SWIFT_STANDARD_LIBRARIES = YES;
				BUNDLE_LOADER = "$(TEST_HOST)";
				INFOPLIST_FILE = StringCalculatorKataTests/Info.plist;
				LD_RUNPATH_SEARCH_PATHS = "$(inherited) @executable_path/Frameworks @loader_path/Frameworks";
				PRODUCT_BUNDLE_IDENTIFIER = com.eleven.eleven.software.StringCalculatorKataTests;
				PRODUCT_NAME = "$(TARGET_NAME)";
				SWIFT_VERSION = 3.0;
				TEST_HOST = "$(BUILT_PRODUCTS_DIR)/StringCalculatorKata.app/StringCalculatorKata";
			};
			name = Release;
		};
/* End XCBuildConfiguration section */

/* Begin XCConfigurationList section */
		33D6A9D91DE4CF16006B73F2 /* Build configuration list for PBXProject "StringCalculatorKata" */ = {
			isa = XCConfigurationList;
			buildConfigurations = (
				33D6A9F91DE4CF16006B73F2 /* Debug */,
				33D6A9FA1DE4CF16006B73F2 /* Release */,
			);
			defaultConfigurationIsVisible = 0;
			defaultConfigurationName = Release;
		};
		33D6A9FB1DE4CF16006B73F2 /* Build configuration list for PBXNativeTarget "StringCalculatorKata" */ = {
			isa = XCConfigurationList;
			buildConfigurations = (
				33D6A9FC1DE4CF16006B73F2 /* Debug */,
				33D6A9FD1DE4CF16006B73F2 /* Release */,
			);
			defaultConfigurationIsVisible = 0;
			defaultConfigurationName = Release;
		};
		33D6A9FE1DE4CF16006B73F2 /* Build configuration list for PBXNativeTarget "StringCalculatorKataTests" */ = {
			isa = XCConfigurationList;
			buildConfigurations = (
				33D6A9FF1DE4CF16006B73F2 /* Debug */,
				33D6AA001DE4CF16006B73F2 /* Release */,
			);
			defaultConfigurationIsVisible = 0;
			defaultConfigurationName = Release;
		};
/* End XCConfigurationList section */
	};
	rootObject = 33D6A9D61DE4CF16006B73F2 /* Project object */;
}
